// !$*UTF8*$!
{
	archiveVersion = 1;
	classes = {
	};
	objectVersion = 56;
	objects = {

/* Begin PBXBuildFile section */
		F4A75D3A29CED09100FC8598 /* swiftUI_TransitionsApp.swift in Sources */ = {isa = PBXBuildFile; fileRef = F4A75D3929CED09100FC8598 /* swiftUI_TransitionsApp.swift */; };
		F4A75D3C29CED09100FC8598 /* ContentView.swift in Sources */ = {isa = PBXBuildFile; fileRef = F4A75D3B29CED09100FC8598 /* ContentView.swift */; };
		F4A75D3E29CED09200FC8598 /* Assets.xcassets in Resources */ = {isa = PBXBuildFile; fileRef = F4A75D3D29CED09200FC8598 /* Assets.xcassets */; };
		F4A75D4129CED09200FC8598 /* Preview Assets.xcassets in Resources */ = {isa = PBXBuildFile; fileRef = F4A75D4029CED09200FC8598 /* Preview Assets.xcassets */; };
		F4A75D4B29CED09200FC8598 /* swiftUI_TransitionsTests.swift in Sources */ = {isa = PBXBuildFile; fileRef = F4A75D4A29CED09200FC8598 /* swiftUI_TransitionsTests.swift */; };
		F4A75D5529CED09200FC8598 /* swiftUI_TransitionsUITests.swift in Sources */ = {isa = PBXBuildFile; fileRef = F4A75D5429CED09200FC8598 /* swiftUI_TransitionsUITests.swift */; };
		F4A75D5729CED09200FC8598 /* swiftUI_TransitionsUITestsLaunchTests.swift in Sources */ = {isa = PBXBuildFile; fileRef = F4A75D5629CED09200FC8598 /* swiftUI_TransitionsUITestsLaunchTests.swift */; };
/* End PBXBuildFile section */

/* Begin PBXContainerItemProxy section */
		F4A75D4729CED09200FC8598 /* PBXContainerItemProxy */ = {
			isa = PBXContainerItemProxy;
			containerPortal = F4A75D2E29CED09100FC8598 /* Project object */;
			proxyType = 1;
			remoteGlobalIDString = F4A75D3529CED09100FC8598;
			remoteInfo = "swiftUI-Transitions";
		};
		F4A75D5129CED09200FC8598 /* PBXContainerItemProxy */ = {
			isa = PBXContainerItemProxy;
			containerPortal = F4A75D2E29CED09100FC8598 /* Project object */;
			proxyType = 1;
			remoteGlobalIDString = F4A75D3529CED09100FC8598;
			remoteInfo = "swiftUI-Transitions";
		};
/* End PBXContainerItemProxy section */

/* Begin PBXFileReference section */
		F4A75D3629CED09100FC8598 /* swiftUI-Transitions.app */ = {isa = PBXFileReference; explicitFileType = wrapper.application; includeInIndex = 0; path = "swiftUI-Transitions.app"; sourceTree = BUILT_PRODUCTS_DIR; };
		F4A75D3929CED09100FC8598 /* swiftUI_TransitionsApp.swift */ = {isa = PBXFileReference; lastKnownFileType = sourcecode.swift; path = swiftUI_TransitionsApp.swift; sourceTree = "<group>"; };
		F4A75D3B29CED09100FC8598 /* ContentView.swift */ = {isa = PBXFileReference; lastKnownFileType = sourcecode.swift; path = ContentView.swift; sourceTree = "<group>"; };
		F4A75D3D29CED09200FC8598 /* Assets.xcassets */ = {isa = PBXFileReference; lastKnownFileType = folder.assetcatalog; path = Assets.xcassets; sourceTree = "<group>"; };
		F4A75D4029CED09200FC8598 /* Preview Assets.xcassets */ = {isa = PBXFileReference; lastKnownFileType = folder.assetcatalog; path = "Preview Assets.xcassets"; sourceTree = "<group>"; };
		F4A75D4629CED09200FC8598 /* swiftUI-TransitionsTests.xctest */ = {isa = PBXFileReference; explicitFileType = wrapper.cfbundle; includeInIndex = 0; path = "swiftUI-TransitionsTests.xctest"; sourceTree = BUILT_PRODUCTS_DIR; };
		F4A75D4A29CED09200FC8598 /* swiftUI_TransitionsTests.swift */ = {isa = PBXFileReference; lastKnownFileType = sourcecode.swift; path = swiftUI_TransitionsTests.swift; sourceTree = "<group>"; };
		F4A75D5029CED09200FC8598 /* swiftUI-TransitionsUITests.xctest */ = {isa = PBXFileReference; explicitFileType = wrapper.cfbundle; includeInIndex = 0; path = "swiftUI-TransitionsUITests.xctest"; sourceTree = BUILT_PRODUCTS_DIR; };
		F4A75D5429CED09200FC8598 /* swiftUI_TransitionsUITests.swift */ = {isa = PBXFileReference; lastKnownFileType = sourcecode.swift; path = swiftUI_TransitionsUITests.swift; sourceTree = "<group>"; };
		F4A75D5629CED09200FC8598 /* swiftUI_TransitionsUITestsLaunchTests.swift */ = {isa = PBXFileReference; lastKnownFileType = sourcecode.swift; path = swiftUI_TransitionsUITestsLaunchTests.swift; sourceTree = "<group>"; };
/* End PBXFileReference section */

/* Begin PBXFrameworksBuildPhase section */
		F4A75D3329CED09100FC8598 /* Frameworks */ = {
			isa = PBXFrameworksBuildPhase;
			buildActionMask = 2147483647;
			files = (
			);
			runOnlyForDeploymentPostprocessing = 0;
		};
		F4A75D4329CED09200FC8598 /* Frameworks */ = {
			isa = PBXFrameworksBuildPhase;
			buildActionMask = 2147483647;
			files = (
			);
			runOnlyForDeploymentPostprocessing = 0;
		};
		F4A75D4D29CED09200FC8598 /* Frameworks */ = {
			isa = PBXFrameworksBuildPhase;
			buildActionMask = 2147483647;
			files = (
			);
			runOnlyForDeploymentPostprocessing = 0;
		};
/* End PBXFrameworksBuildPhase section */

/* Begin PBXGroup section */
		F4A75D2D29CED09100FC8598 = {
			isa = PBXGroup;
			children = (
				F4A75D3829CED09100FC8598 /* swiftUI-Transitions */,
				F4A75D4929CED09200FC8598 /* swiftUI-TransitionsTests */,
				F4A75D5329CED09200FC8598 /* swiftUI-TransitionsUITests */,
				F4A75D3729CED09100FC8598 /* Products */,
			);
			sourceTree = "<group>";
		};
		F4A75D3729CED09100FC8598 /* Products */ = {
			isa = PBXGroup;
			children = (
				F4A75D3629CED09100FC8598 /* swiftUI-Transitions.app */,
				F4A75D4629CED09200FC8598 /* swiftUI-TransitionsTests.xctest */,
				F4A75D5029CED09200FC8598 /* swiftUI-TransitionsUITests.xctest */,
			);
			name = Products;
			sourceTree = "<group>";
		};
		F4A75D3829CED09100FC8598 /* swiftUI-Transitions */ = {
			isa = PBXGroup;
			children = (
				F4A75D3929CED09100FC8598 /* swiftUI_TransitionsApp.swift */,
				F4A75D3B29CED09100FC8598 /* ContentView.swift */,
				F4A75D3D29CED09200FC8598 /* Assets.xcassets */,
				F4A75D3F29CED09200FC8598 /* Preview Content */,
			);
			path = "swiftUI-Transitions";
			sourceTree = "<group>";
		};
		F4A75D3F29CED09200FC8598 /* Preview Content */ = {
			isa = PBXGroup;
			children = (
				F4A75D4029CED09200FC8598 /* Preview Assets.xcassets */,
			);
			path = "Preview Content";
			sourceTree = "<group>";
		};
		F4A75D4929CED09200FC8598 /* swiftUI-TransitionsTests */ = {
			isa = PBXGroup;
			children = (
				F4A75D4A29CED09200FC8598 /* swiftUI_TransitionsTests.swift */,
			);
			path = "swiftUI-TransitionsTests";
			sourceTree = "<group>";
		};
		F4A75D5329CED09200FC8598 /* swiftUI-TransitionsUITests */ = {
			isa = PBXGroup;
			children = (
				F4A75D5429CED09200FC8598 /* swiftUI_TransitionsUITests.swift */,
				F4A75D5629CED09200FC8598 /* swiftUI_TransitionsUITestsLaunchTests.swift */,
			);
			path = "swiftUI-TransitionsUITests";
			sourceTree = "<group>";
		};
/* End PBXGroup section */

/* Begin PBXNativeTarget section */
		F4A75D3529CED09100FC8598 /* swiftUI-Transitions */ = {
			isa = PBXNativeTarget;
			buildConfigurationList = F4A75D5A29CED09200FC8598 /* Build configuration list for PBXNativeTarget "swiftUI-Transitions" */;
			buildPhases = (
				F4A75D3229CED09100FC8598 /* Sources */,
				F4A75D3329CED09100FC8598 /* Frameworks */,
				F4A75D3429CED09100FC8598 /* Resources */,
			);
			buildRules = (
			);
			dependencies = (
			);
			name = "swiftUI-Transitions";
			productName = "swiftUI-Transitions";
			productReference = F4A75D3629CED09100FC8598 /* swiftUI-Transitions.app */;
			productType = "com.apple.product-type.application";
		};
		F4A75D4529CED09200FC8598 /* swiftUI-TransitionsTests */ = {
			isa = PBXNativeTarget;
			buildConfigurationList = F4A75D5D29CED09200FC8598 /* Build configuration list for PBXNativeTarget "swiftUI-TransitionsTests" */;
			buildPhases = (
				F4A75D4229CED09200FC8598 /* Sources */,
				F4A75D4329CED09200FC8598 /* Frameworks */,
				F4A75D4429CED09200FC8598 /* Resources */,
			);
			buildRules = (
			);
			dependencies = (
				F4A75D4829CED09200FC8598 /* PBXTargetDependency */,
			);
			name = "swiftUI-TransitionsTests";
			productName = "swiftUI-TransitionsTests";
			productReference = F4A75D4629CED09200FC8598 /* swiftUI-TransitionsTests.xctest */;
			productType = "com.apple.product-type.bundle.unit-test";
		};
		F4A75D4F29CED09200FC8598 /* swiftUI-TransitionsUITests */ = {
			isa = PBXNativeTarget;
			buildConfigurationList = F4A75D6029CED09200FC8598 /* Build configuration list for PBXNativeTarget "swiftUI-TransitionsUITests" */;
			buildPhases = (
				F4A75D4C29CED09200FC8598 /* Sources */,
				F4A75D4D29CED09200FC8598 /* Frameworks */,
				F4A75D4E29CED09200FC8598 /* Resources */,
			);
			buildRules = (
			);
			dependencies = (
				F4A75D5229CED09200FC8598 /* PBXTargetDependency */,
			);
			name = "swiftUI-TransitionsUITests";
			productName = "swiftUI-TransitionsUITests";
			productReference = F4A75D5029CED09200FC8598 /* swiftUI-TransitionsUITests.xctest */;
			productType = "com.apple.product-type.bundle.ui-testing";
		};
/* End PBXNativeTarget section */

/* Begin PBXProject section */
		F4A75D2E29CED09100FC8598 /* Project object */ = {
			isa = PBXProject;
			attributes = {
				BuildIndependentTargetsInParallel = 1;
				LastSwiftUpdateCheck = 1420;
				LastUpgradeCheck = 1420;
				TargetAttributes = {
					F4A75D3529CED09100FC8598 = {
						CreatedOnToolsVersion = 14.2;
					};
					F4A75D4529CED09200FC8598 = {
						CreatedOnToolsVersion = 14.2;
						TestTargetID = F4A75D3529CED09100FC8598;
					};
					F4A75D4F29CED09200FC8598 = {
						CreatedOnToolsVersion = 14.2;
						TestTargetID = F4A75D3529CED09100FC8598;
					};
				};
			};
			buildConfigurationList = F4A75D3129CED09100FC8598 /* Build configuration list for PBXProject "swiftUI-Transitions" */;
			compatibilityVersion = "Xcode 14.0";
			developmentRegion = en;
			hasScannedForEncodings = 0;
			knownRegions = (
				en,
				Base,
			);
			mainGroup = F4A75D2D29CED09100FC8598;
			productRefGroup = F4A75D3729CED09100FC8598 /* Products */;
			projectDirPath = "";
			projectRoot = "";
			targets = (
				F4A75D3529CED09100FC8598 /* swiftUI-Transitions */,
				F4A75D4529CED09200FC8598 /* swiftUI-TransitionsTests */,
				F4A75D4F29CED09200FC8598 /* swiftUI-TransitionsUITests */,
			);
		};
/* End PBXProject section */

/* Begin PBXResourcesBuildPhase section */
		F4A75D3429CED09100FC8598 /* Resources */ = {
			isa = PBXResourcesBuildPhase;
			buildActionMask = 2147483647;
			files = (
				F4A75D4129CED09200FC8598 /* Preview Assets.xcassets in Resources */,
				F4A75D3E29CED09200FC8598 /* Assets.xcassets in Resources */,
			);
			runOnlyForDeploymentPostprocessing = 0;
		};
		F4A75D4429CED09200FC8598 /* Resources */ = {
			isa = PBXResourcesBuildPhase;
			buildActionMask = 2147483647;
			files = (
			);
			runOnlyForDeploymentPostprocessing = 0;
		};
		F4A75D4E29CED09200FC8598 /* Resources */ = {
			isa = PBXResourcesBuildPhase;
			buildActionMask = 2147483647;
			files = (
			);
			runOnlyForDeploymentPostprocessing = 0;
		};
/* End PBXResourcesBuildPhase section */

/* Begin PBXSourcesBuildPhase section */
		F4A75D3229CED09100FC8598 /* Sources */ = {
			isa = PBXSourcesBuildPhase;
			buildActionMask = 2147483647;
			files = (
				F4A75D3C29CED09100FC8598 /* ContentView.swift in Sources */,
				F4A75D3A29CED09100FC8598 /* swiftUI_TransitionsApp.swift in Sources */,
			);
			runOnlyForDeploymentPostprocessing = 0;
		};
		F4A75D4229CED09200FC8598 /* Sources */ = {
			isa = PBXSourcesBuildPhase;
			buildActionMask = 2147483647;
			files = (
				F4A75D4B29CED09200FC8598 /* swiftUI_TransitionsTests.swift in Sources */,
			);
			runOnlyForDeploymentPostprocessing = 0;
		};
		F4A75D4C29CED09200FC8598 /* Sources */ = {
			isa = PBXSourcesBuildPhase;
			buildActionMask = 2147483647;
			files = (
				F4A75D5529CED09200FC8598 /* swiftUI_TransitionsUITests.swift in Sources */,
				F4A75D5729CED09200FC8598 /* swiftUI_TransitionsUITestsLaunchTests.swift in Sources */,
			);
			runOnlyForDeploymentPostprocessing = 0;
		};
/* End PBXSourcesBuildPhase section */

/* Begin PBXTargetDependency section */
		F4A75D4829CED09200FC8598 /* PBXTargetDependency */ = {
			isa = PBXTargetDependency;
			target = F4A75D3529CED09100FC8598 /* swiftUI-Transitions */;
			targetProxy = F4A75D4729CED09200FC8598 /* PBXContainerItemProxy */;
		};
		F4A75D5229CED09200FC8598 /* PBXTargetDependency */ = {
			isa = PBXTargetDependency;
			target = F4A75D3529CED09100FC8598 /* swiftUI-Transitions */;
			targetProxy = F4A75D5129CED09200FC8598 /* PBXContainerItemProxy */;
		};
/* End PBXTargetDependency section */

/* Begin XCBuildConfiguration section */
		F4A75D5829CED09200FC8598 /* Debug */ = {
			isa = XCBuildConfiguration;
			buildSettings = {
				ALWAYS_SEARCH_USER_PATHS = NO;
				CLANG_ANALYZER_NONNULL = YES;
				CLANG_ANALYZER_NUMBER_OBJECT_CONVERSION = YES_AGGRESSIVE;
				CLANG_CXX_LANGUAGE_STANDARD = "gnu++20";
				CLANG_ENABLE_MODULES = YES;
				CLANG_ENABLE_OBJC_ARC = YES;
				CLANG_ENABLE_OBJC_WEAK = YES;
				CLANG_WARN_BLOCK_CAPTURE_AUTORELEASING = YES;
				CLANG_WARN_BOOL_CONVERSION = YES;
				CLANG_WARN_COMMA = YES;
				CLANG_WARN_CONSTANT_CONVERSION = YES;
				CLANG_WARN_DEPRECATED_OBJC_IMPLEMENTATIONS = YES;
				CLANG_WARN_DIRECT_OBJC_ISA_USAGE = YES_ERROR;
				CLANG_WARN_DOCUMENTATION_COMMENTS = YES;
				CLANG_WARN_EMPTY_BODY = YES;
				CLANG_WARN_ENUM_CONVERSION = YES;
				CLANG_WARN_INFINITE_RECURSION = YES;
				CLANG_WARN_INT_CONVERSION = YES;
				CLANG_WARN_NON_LITERAL_NULL_CONVERSION = YES;
				CLANG_WARN_OBJC_IMPLICIT_RETAIN_SELF = YES;
				CLANG_WARN_OBJC_LITERAL_CONVERSION = YES;
				CLANG_WARN_OBJC_ROOT_CLASS = YES_ERROR;
				CLANG_WARN_QUOTED_INCLUDE_IN_FRAMEWORK_HEADER = YES;
				CLANG_WARN_RANGE_LOOP_ANALYSIS = YES;
				CLANG_WARN_STRICT_PROTOTYPES = YES;
				CLANG_WARN_SUSPICIOUS_MOVE = YES;
				CLANG_WARN_UNGUARDED_AVAILABILITY = YES_AGGRESSIVE;
				CLANG_WARN_UNREACHABLE_CODE = YES;
				CLANG_WARN__DUPLICATE_METHOD_MATCH = YES;
				COPY_PHASE_STRIP = NO;
				DEBUG_INFORMATION_FORMAT = dwarf;
				ENABLE_STRICT_OBJC_MSGSEND = YES;
				ENABLE_TESTABILITY = YES;
				GCC_C_LANGUAGE_STANDARD = gnu11;
				GCC_DYNAMIC_NO_PIC = NO;
				GCC_NO_COMMON_BLOCKS = YES;
				GCC_OPTIMIZATION_LEVEL = 0;
				GCC_PREPROCESSOR_DEFINITIONS = (
					"DEBUG=1",
					"$(inherited)",
				);
				GCC_WARN_64_TO_32_BIT_CONVERSION = YES;
				GCC_WARN_ABOUT_RETURN_TYPE = YES_ERROR;
				GCC_WARN_UNDECLARED_SELECTOR = YES;
				GCC_WARN_UNINITIALIZED_AUTOS = YES_AGGRESSIVE;
				GCC_WARN_UNUSED_FUNCTION = YES;
				GCC_WARN_UNUSED_VARIABLE = YES;
				IPHONEOS_DEPLOYMENT_TARGET = 16.2;
				MTL_ENABLE_DEBUG_INFO = INCLUDE_SOURCE;
				MTL_FAST_MATH = YES;
				ONLY_ACTIVE_ARCH = YES;
				SDKROOT = iphoneos;
				SWIFT_ACTIVE_COMPILATION_CONDITIONS = DEBUG;
				SWIFT_OPTIMIZATION_LEVEL = "-Onone";
			};
			name = Debug;
		};
		F4A75D5929CED09200FC8598 /* Release */ = {
			isa = XCBuildConfiguration;
			buildSettings = {
				ALWAYS_SEARCH_USER_PATHS = NO;
				CLANG_ANALYZER_NONNULL = YES;
				CLANG_ANALYZER_NUMBER_OBJECT_CONVERSION = YES_AGGRESSIVE;
				CLANG_CXX_LANGUAGE_STANDARD = "gnu++20";
				CLANG_ENABLE_MODULES = YES;
				CLANG_ENABLE_OBJC_ARC = YES;
				CLANG_ENABLE_OBJC_WEAK = YES;
				CLANG_WARN_BLOCK_CAPTURE_AUTORELEASING = YES;
				CLANG_WARN_BOOL_CONVERSION = YES;
				CLANG_WARN_COMMA = YES;
				CLANG_WARN_CONSTANT_CONVERSION = YES;
				CLANG_WARN_DEPRECATED_OBJC_IMPLEMENTATIONS = YES;
				CLANG_WARN_DIRECT_OBJC_ISA_USAGE = YES_ERROR;
				CLANG_WARN_DOCUMENTATION_COMMENTS = YES;
				CLANG_WARN_EMPTY_BODY = YES;
				CLANG_WARN_ENUM_CONVERSION = YES;
				CLANG_WARN_INFINITE_RECURSION = YES;
				CLANG_WARN_INT_CONVERSION = YES;
				CLANG_WARN_NON_LITERAL_NULL_CONVERSION = YES;
				CLANG_WARN_OBJC_IMPLICIT_RETAIN_SELF = YES;
				CLANG_WARN_OBJC_LITERAL_CONVERSION = YES;
				CLANG_WARN_OBJC_ROOT_CLASS = YES_ERROR;
				CLANG_WARN_QUOTED_INCLUDE_IN_FRAMEWORK_HEADER = YES;
				CLANG_WARN_RANGE_LOOP_ANALYSIS = YES;
				CLANG_WARN_STRICT_PROTOTYPES = YES;
				CLANG_WARN_SUSPICIOUS_MOVE = YES;
				CLANG_WARN_UNGUARDED_AVAILABILITY = YES_AGGRESSIVE;
				CLANG_WARN_UNREACHABLE_CODE = YES;
				CLANG_WARN__DUPLICATE_METHOD_MATCH = YES;
				COPY_PHASE_STRIP = NO;
				DEBUG_INFORMATION_FORMAT = "dwarf-with-dsym";
				ENABLE_NS_ASSERTIONS = NO;
				ENABLE_STRICT_OBJC_MSGSEND = YES;
				GCC_C_LANGUAGE_STANDARD = gnu11;
				GCC_NO_COMMON_BLOCKS = YES;
				GCC_WARN_64_TO_32_BIT_CONVERSION = YES;
				GCC_WARN_ABOUT_RETURN_TYPE = YES_ERROR;
				GCC_WARN_UNDECLARED_SELECTOR = YES;
				GCC_WARN_UNINITIALIZED_AUTOS = YES_AGGRESSIVE;
				GCC_WARN_UNUSED_FUNCTION = YES;
				GCC_WARN_UNUSED_VARIABLE = YES;
				IPHONEOS_DEPLOYMENT_TARGET = 16.2;
				MTL_ENABLE_DEBUG_INFO = NO;
				MTL_FAST_MATH = YES;
				SDKROOT = iphoneos;
				SWIFT_COMPILATION_MODE = wholemodule;
				SWIFT_OPTIMIZATION_LEVEL = "-O";
				VALIDATE_PRODUCT = YES;
			};
			name = Release;
		};
		F4A75D5B29CED09200FC8598 /* Debug */ = {
			isa = XCBuildConfiguration;
			buildSettings = {
				ASSETCATALOG_COMPILER_APPICON_NAME = AppIcon;
				ASSETCATALOG_COMPILER_GLOBAL_ACCENT_COLOR_NAME = AccentColor;
				CODE_SIGN_STYLE = Automatic;
				CURRENT_PROJECT_VERSION = 1;
				DEVELOPMENT_ASSET_PATHS = "\"swiftUI-Transitions/Preview Content\"";
				ENABLE_PREVIEWS = YES;
				GENERATE_INFOPLIST_FILE = YES;
				INFOPLIST_KEY_UIApplicationSceneManifest_Generation = YES;
				INFOPLIST_KEY_UIApplicationSupportsIndirectInputEvents = YES;
				INFOPLIST_KEY_UILaunchScreen_Generation = YES;
				INFOPLIST_KEY_UISupportedInterfaceOrientations_iPad = "UIInterfaceOrientationPortrait UIInterfaceOrientationPortraitUpsideDown UIInterfaceOrientationLandscapeLeft UIInterfaceOrientationLandscapeRight";
				INFOPLIST_KEY_UISupportedInterfaceOrientations_iPhone = "UIInterfaceOrientationPortrait UIInterfaceOrientationLandscapeLeft UIInterfaceOrientationLandscapeRight";
				LD_RUNPATH_SEARCH_PATHS = (
					"$(inherited)",
					"@executable_path/Frameworks",
				);
				MARKETING_VERSION = 1.0;
				PRODUCT_BUNDLE_IDENTIFIER = "com.rutik.swiftUI-Transitions";
				PRODUCT_NAME = "$(TARGET_NAME)";
				SWIFT_EMIT_LOC_STRINGS = YES;
				SWIFT_VERSION = 5.0;
				TARGETED_DEVICE_FAMILY = "1,2";
			};
			name = Debug;
		};
		F4A75D5C29CED09200FC8598 /* Release */ = {
			isa = XCBuildConfiguration;
			buildSettings = {
				ASSETCATALOG_COMPILER_APPICON_NAME = AppIcon;
				ASSETCATALOG_COMPILER_GLOBAL_ACCENT_COLOR_NAME = AccentColor;
				CODE_SIGN_STYLE = Automatic;
				CURRENT_PROJECT_VERSION = 1;
				DEVELOPMENT_ASSET_PATHS = "\"swiftUI-Transitions/Preview Content\"";
				ENABLE_PREVIEWS = YES;
				GENERATE_INFOPLIST_FILE = YES;
				INFOPLIST_KEY_UIApplicationSceneManifest_Generation = YES;
				INFOPLIST_KEY_UIApplicationSupportsIndirectInputEvents = YES;
				INFOPLIST_KEY_UILaunchScreen_Generation = YES;
				INFOPLIST_KEY_UISupportedInterfaceOrientations_iPad = "UIInterfaceOrientationPortrait UIInterfaceOrientationPortraitUpsideDown UIInterfaceOrientationLandscapeLeft UIInterfaceOrientationLandscapeRight";
				INFOPLIST_KEY_UISupportedInterfaceOrientations_iPhone = "UIInterfaceOrientationPortrait UIInterfaceOrientationLandscapeLeft UIInterfaceOrientationLandscapeRight";
				LD_RUNPATH_SEARCH_PATHS = (
					"$(inherited)",
					"@executable_path/Frameworks",
				);
				MARKETING_VERSION = 1.0;
				PRODUCT_BUNDLE_IDENTIFIER = "com.rutik.swiftUI-Transitions";
				PRODUCT_NAME = "$(TARGET_NAME)";
				SWIFT_EMIT_LOC_STRINGS = YES;
				SWIFT_VERSION = 5.0;
				TARGETED_DEVICE_FAMILY = "1,2";
			};
			name = Release;
		};
		F4A75D5E29CED09200FC8598 /* Debug */ = {
			isa = XCBuildConfiguration;
			buildSettings = {
				ALWAYS_EMBED_SWIFT_STANDARD_LIBRARIES = YES;
				BUNDLE_LOADER = "$(TEST_HOST)";
				CODE_SIGN_STYLE = Automatic;
				CURRENT_PROJECT_VERSION = 1;
				GENERATE_INFOPLIST_FILE = YES;
				IPHONEOS_DEPLOYMENT_TARGET = 16.2;
				MARKETING_VERSION = 1.0;
				PRODUCT_BUNDLE_IDENTIFIER = "com.rutik.swiftUI-TransitionsTests";
				PRODUCT_NAME = "$(TARGET_NAME)";
				SWIFT_EMIT_LOC_STRINGS = NO;
				SWIFT_VERSION = 5.0;
				TARGETED_DEVICE_FAMILY = "1,2";
				TEST_HOST = "$(BUILT_PRODUCTS_DIR)/swiftUI-Transitions.app/$(BUNDLE_EXECUTABLE_FOLDER_PATH)/swiftUI-Transitions";
			};
			name = Debug;
		};
		F4A75D5F29CED09200FC8598 /* Release */ = {
			isa = XCBuildConfiguration;
			buildSettings = {
				ALWAYS_EMBED_SWIFT_STANDARD_LIBRARIES = YES;
				BUNDLE_LOADER = "$(TEST_HOST)";
				CODE_SIGN_STYLE = Automatic;
				CURRENT_PROJECT_VERSION = 1;
				GENERATE_INFOPLIST_FILE = YES;
				IPHONEOS_DEPLOYMENT_TARGET = 16.2;
				MARKETING_VERSION = 1.0;
				PRODUCT_BUNDLE_IDENTIFIER = "com.rutik.swiftUI-TransitionsTests";
				PRODUCT_NAME = "$(TARGET_NAME)";
				SWIFT_EMIT_LOC_STRINGS = NO;
				SWIFT_VERSION = 5.0;
				TARGETED_DEVICE_FAMILY = "1,2";
				TEST_HOST = "$(BUILT_PRODUCTS_DIR)/swiftUI-Transitions.app/$(BUNDLE_EXECUTABLE_FOLDER_PATH)/swiftUI-Transitions";
			};
			name = Release;
		};
		F4A75D6129CED09200FC8598 /* Debug */ = {
			isa = XCBuildConfiguration;
			buildSettings = {
				ALWAYS_EMBED_SWIFT_STANDARD_LIBRARIES = YES;
				CODE_SIGN_STYLE = Automatic;
				CURRENT_PROJECT_VERSION = 1;
				GENERATE_INFOPLIST_FILE = YES;
				MARKETING_VERSION = 1.0;
				PRODUCT_BUNDLE_IDENTIFIER = "com.rutik.swiftUI-TransitionsUITests";
				PRODUCT_NAME = "$(TARGET_NAME)";
				SWIFT_EMIT_LOC_STRINGS = NO;
				SWIFT_VERSION = 5.0;
				TARGETED_DEVICE_FAMILY = "1,2";
				TEST_TARGET_NAME = "swiftUI-Transitions";
			};
			name = Debug;
		};
		F4A75D6229CED09200FC8598 /* Release */ = {
			isa = XCBuildConfiguration;
			buildSettings = {
				ALWAYS_EMBED_SWIFT_STANDARD_LIBRARIES = YES;
				CODE_SIGN_STYLE = Automatic;
				CURRENT_PROJECT_VERSION = 1;
				GENERATE_INFOPLIST_FILE = YES;
				MARKETING_VERSION = 1.0;
				PRODUCT_BUNDLE_IDENTIFIER = "com.rutik.swiftUI-TransitionsUITests";
				PRODUCT_NAME = "$(TARGET_NAME)";
				SWIFT_EMIT_LOC_STRINGS = NO;
				SWIFT_VERSION = 5.0;
				TARGETED_DEVICE_FAMILY = "1,2";
				TEST_TARGET_NAME = "swiftUI-Transitions";
			};
			name = Release;
		};
/* End XCBuildConfiguration section */

/* Begin XCConfigurationList section */
		F4A75D3129CED09100FC8598 /* Build configuration list for PBXProject "swiftUI-Transitions" */ = {
			isa = XCConfigurationList;
			buildConfigurations = (
				F4A75D5829CED09200FC8598 /* Debug */,
				F4A75D5929CED09200FC8598 /* Release */,
			);
			defaultConfigurationIsVisible = 0;
			defaultConfigurationName = Release;
		};
		F4A75D5A29CED09200FC8598 /* Build configuration list for PBXNativeTarget "swiftUI-Transitions" */ = {
			isa = XCConfigurationList;
			buildConfigurations = (
				F4A75D5B29CED09200FC8598 /* Debug */,
				F4A75D5C29CED09200FC8598 /* Release */,
			);
			defaultConfigurationIsVisible = 0;
			defaultConfigurationName = Release;
		};
		F4A75D5D29CED09200FC8598 /* Build configuration list for PBXNativeTarget "swiftUI-TransitionsTests" */ = {
			isa = XCConfigurationList;
			buildConfigurations = (
				F4A75D5E29CED09200FC8598 /* Debug */,
				F4A75D5F29CED09200FC8598 /* Release */,
			);
			defaultConfigurationIsVisible = 0;
			defaultConfigurationName = Release;
		};
		F4A75D6029CED09200FC8598 /* Build configuration list for PBXNativeTarget "swiftUI-TransitionsUITests" */ = {
			isa = XCConfigurationList;
			buildConfigurations = (
				F4A75D6129CED09200FC8598 /* Debug */,
				F4A75D6229CED09200FC8598 /* Release */,
			);
			defaultConfigurationIsVisible = 0;
			defaultConfigurationName = Release;
		};
/* End XCConfigurationList section */
	};
	rootObject = F4A75D2E29CED09100FC8598 /* Project object */;
}
